// !$*UTF8*$!
{
	archiveVersion = 1;
	classes = {
	};
	objectVersion = 46;
	objects = {

/* Begin PBXBuildFile section */
		3E04EC45194728E0000A0079 /* Foundation.framework in Frameworks */ = {isa = PBXBuildFile; fileRef = 3E04EC44194728E0000A0079 /* Foundation.framework */; };
		3E04EC47194728E0000A0079 /* CoreGraphics.framework in Frameworks */ = {isa = PBXBuildFile; fileRef = 3E04EC46194728E0000A0079 /* CoreGraphics.framework */; };
		3E04EC49194728E0000A0079 /* UIKit.framework in Frameworks */ = {isa = PBXBuildFile; fileRef = 3E04EC48194728E0000A0079 /* UIKit.framework */; };
		3E04EC4F194728E0000A0079 /* InfoPlist.strings in Resources */ = {isa = PBXBuildFile; fileRef = 3E04EC4D194728E0000A0079 /* InfoPlist.strings */; };
		3E04EC51194728E0000A0079 /* main.m in Sources */ = {isa = PBXBuildFile; fileRef = 3E04EC50194728E0000A0079 /* main.m */; };
		3E04EC55194728E0000A0079 /* OKAppDelegate.m in Sources */ = {isa = PBXBuildFile; fileRef = 3E04EC54194728E0000A0079 /* OKAppDelegate.m */; };
		3E04EC58194728E0000A0079 /* Main.storyboard in Resources */ = {isa = PBXBuildFile; fileRef = 3E04EC56194728E0000A0079 /* Main.storyboard */; };
		3E04EC5B194728E0000A0079 /* OKPatientViewController.m in Sources */ = {isa = PBXBuildFile; fileRef = 3E04EC5A194728E0000A0079 /* OKPatientViewController.m */; };
		3E04EC5E194728E0000A0079 /* OKDoctorViewController.m in Sources */ = {isa = PBXBuildFile; fileRef = 3E04EC5D194728E0000A0079 /* OKDoctorViewController.m */; };
		3E04EC60194728E0000A0079 /* Images.xcassets in Resources */ = {isa = PBXBuildFile; fileRef = 3E04EC5F194728E0000A0079 /* Images.xcassets */; };
		3E04EC67194728E0000A0079 /* XCTest.framework in Frameworks */ = {isa = PBXBuildFile; fileRef = 3E04EC66194728E0000A0079 /* XCTest.framework */; };
		3E04EC68194728E0000A0079 /* Foundation.framework in Frameworks */ = {isa = PBXBuildFile; fileRef = 3E04EC44194728E0000A0079 /* Foundation.framework */; };
		3E04EC69194728E0000A0079 /* UIKit.framework in Frameworks */ = {isa = PBXBuildFile; fileRef = 3E04EC48194728E0000A0079 /* UIKit.framework */; };
		3E04EC71194728E0000A0079 /* InfoPlist.strings in Resources */ = {isa = PBXBuildFile; fileRef = 3E04EC6F194728E0000A0079 /* InfoPlist.strings */; };
		3E04EC73194728E0000A0079 /* mapfresaludTests.m in Sources */ = {isa = PBXBuildFile; fileRef = 3E04EC72194728E0000A0079 /* mapfresaludTests.m */; };
		3E04EC7D194729B3000A0079 /* CoreBluetooth.framework in Frameworks */ = {isa = PBXBuildFile; fileRef = 3E04EC7C194729B3000A0079 /* CoreBluetooth.framework */; };
		3E04EC7F194729B8000A0079 /* CoreLocation.framework in Frameworks */ = {isa = PBXBuildFile; fileRef = 3E04EC7E194729B8000A0079 /* CoreLocation.framework */; };
		3EA318711947505C00FF5814 /* banner-salud.jpg in Resources */ = {isa = PBXBuildFile; fileRef = 3EA318701947505C00FF5814 /* banner-salud.jpg */; };
		3EA318751947967900FF5814 /* AudioToolbox.framework in Frameworks */ = {isa = PBXBuildFile; fileRef = 3EA318741947967900FF5814 /* AudioToolbox.framework */; };
		3EA318791947A91C00FF5814 /* logo-mapfre.png in Resources */ = {isa = PBXBuildFile; fileRef = 3EA318781947A91C00FF5814 /* logo-mapfre.png */; };
/* End PBXBuildFile section */

/* Begin PBXContainerItemProxy section */
		3E04EC6A194728E0000A0079 /* PBXContainerItemProxy */ = {
			isa = PBXContainerItemProxy;
			containerPortal = 3E04EC39194728E0000A0079 /* Project object */;
			proxyType = 1;
			remoteGlobalIDString = 3E04EC40194728E0000A0079;
			remoteInfo = mapfresalud;
		};
/* End PBXContainerItemProxy section */

/* Begin PBXFileReference section */
		3E04EC41194728E0000A0079 /* mapfresalud.app */ = {isa = PBXFileReference; explicitFileType = wrapper.application; includeInIndex = 0; path = mapfresalud.app; sourceTree = BUILT_PRODUCTS_DIR; };
		3E04EC44194728E0000A0079 /* Foundation.framework */ = {isa = PBXFileReference; lastKnownFileType = wrapper.framework; name = Foundation.framework; path = System/Library/Frameworks/Foundation.framework; sourceTree = SDKROOT; };
		3E04EC46194728E0000A0079 /* CoreGraphics.framework */ = {isa = PBXFileReference; lastKnownFileType = wrapper.framework; name = CoreGraphics.framework; path = System/Library/Frameworks/CoreGraphics.framework; sourceTree = SDKROOT; };
		3E04EC48194728E0000A0079 /* UIKit.framework */ = {isa = PBXFileReference; lastKnownFileType = wrapper.framework; name = UIKit.framework; path = System/Library/Frameworks/UIKit.framework; sourceTree = SDKROOT; };
		3E04EC4C194728E0000A0079 /* mapfresalud-Info.plist */ = {isa = PBXFileReference; lastKnownFileType = text.plist.xml; path = "mapfresalud-Info.plist"; sourceTree = "<group>"; };
		3E04EC4E194728E0000A0079 /* en */ = {isa = PBXFileReference; lastKnownFileType = text.plist.strings; name = en; path = en.lproj/InfoPlist.strings; sourceTree = "<group>"; };
		3E04EC50194728E0000A0079 /* main.m */ = {isa = PBXFileReference; lastKnownFileType = sourcecode.c.objc; path = main.m; sourceTree = "<group>"; };
		3E04EC52194728E0000A0079 /* mapfresalud-Prefix.pch */ = {isa = PBXFileReference; lastKnownFileType = sourcecode.c.h; path = "mapfresalud-Prefix.pch"; sourceTree = "<group>"; };
		3E04EC53194728E0000A0079 /* OKAppDelegate.h */ = {isa = PBXFileReference; lastKnownFileType = sourcecode.c.h; path = OKAppDelegate.h; sourceTree = "<group>"; };
		3E04EC54194728E0000A0079 /* OKAppDelegate.m */ = {isa = PBXFileReference; lastKnownFileType = sourcecode.c.objc; path = OKAppDelegate.m; sourceTree = "<group>"; };
		3E04EC57194728E0000A0079 /* Base */ = {isa = PBXFileReference; lastKnownFileType = file.storyboard; name = Base; path = Base.lproj/Main.storyboard; sourceTree = "<group>"; };
		3E04EC59194728E0000A0079 /* OKPatientViewController.h */ = {isa = PBXFileReference; lastKnownFileType = sourcecode.c.h; path = OKPatientViewController.h; sourceTree = "<group>"; };
		3E04EC5A194728E0000A0079 /* OKPatientViewController.m */ = {isa = PBXFileReference; lastKnownFileType = sourcecode.c.objc; path = OKPatientViewController.m; sourceTree = "<group>"; };
		3E04EC5C194728E0000A0079 /* OKDoctorViewController.h */ = {isa = PBXFileReference; lastKnownFileType = sourcecode.c.h; path = OKDoctorViewController.h; sourceTree = "<group>"; };
		3E04EC5D194728E0000A0079 /* OKDoctorViewController.m */ = {isa = PBXFileReference; lastKnownFileType = sourcecode.c.objc; path = OKDoctorViewController.m; sourceTree = "<group>"; };
		3E04EC5F194728E0000A0079 /* Images.xcassets */ = {isa = PBXFileReference; lastKnownFileType = folder.assetcatalog; path = Images.xcassets; sourceTree = "<group>"; };
		3E04EC65194728E0000A0079 /* mapfresaludTests.xctest */ = {isa = PBXFileReference; explicitFileType = wrapper.cfbundle; includeInIndex = 0; path = mapfresaludTests.xctest; sourceTree = BUILT_PRODUCTS_DIR; };
		3E04EC66194728E0000A0079 /* XCTest.framework */ = {isa = PBXFileReference; lastKnownFileType = wrapper.framework; name = XCTest.framework; path = Library/Frameworks/XCTest.framework; sourceTree = DEVELOPER_DIR; };
		3E04EC6E194728E0000A0079 /* mapfresaludTests-Info.plist */ = {isa = PBXFileReference; lastKnownFileType = text.plist.xml; path = "mapfresaludTests-Info.plist"; sourceTree = "<group>"; };
		3E04EC70194728E0000A0079 /* en */ = {isa = PBXFileReference; lastKnownFileType = text.plist.strings; name = en; path = en.lproj/InfoPlist.strings; sourceTree = "<group>"; };
		3E04EC72194728E0000A0079 /* mapfresaludTests.m */ = {isa = PBXFileReference; lastKnownFileType = sourcecode.c.objc; path = mapfresaludTests.m; sourceTree = "<group>"; };
		3E04EC7C194729B3000A0079 /* CoreBluetooth.framework */ = {isa = PBXFileReference; lastKnownFileType = wrapper.framework; name = CoreBluetooth.framework; path = System/Library/Frameworks/CoreBluetooth.framework; sourceTree = SDKROOT; };
		3E04EC7E194729B8000A0079 /* CoreLocation.framework */ = {isa = PBXFileReference; lastKnownFileType = wrapper.framework; name = CoreLocation.framework; path = System/Library/Frameworks/CoreLocation.framework; sourceTree = SDKROOT; };
		3E04EC80194729DF000A0079 /* Constants.h */ = {isa = PBXFileReference; fileEncoding = 4; lastKnownFileType = sourcecode.c.h; path = Constants.h; sourceTree = "<group>"; };
		3EA318701947505C00FF5814 /* banner-salud.jpg */ = {isa = PBXFileReference; lastKnownFileType = image.jpeg; path = "banner-salud.jpg"; sourceTree = "<group>"; };
		3EA318741947967900FF5814 /* AudioToolbox.framework */ = {isa = PBXFileReference; lastKnownFileType = wrapper.framework; name = AudioToolbox.framework; path = System/Library/Frameworks/AudioToolbox.framework; sourceTree = SDKROOT; };
		3EA318781947A91C00FF5814 /* logo-mapfre.png */ = {isa = PBXFileReference; lastKnownFileType = image.png; path = "logo-mapfre.png"; sourceTree = "<group>"; };
/* End PBXFileReference section */

/* Begin PBXFrameworksBuildPhase section */
		3E04EC3E194728E0000A0079 /* Frameworks */ = {
			isa = PBXFrameworksBuildPhase;
			buildActionMask = 2147483647;
			files = (
				3EA318751947967900FF5814 /* AudioToolbox.framework in Frameworks */,
				3E04EC7F194729B8000A0079 /* CoreLocation.framework in Frameworks */,
				3E04EC7D194729B3000A0079 /* CoreBluetooth.framework in Frameworks */,
				3E04EC47194728E0000A0079 /* CoreGraphics.framework in Frameworks */,
				3E04EC49194728E0000A0079 /* UIKit.framework in Frameworks */,
				3E04EC45194728E0000A0079 /* Foundation.framework in Frameworks */,
			);
			runOnlyForDeploymentPostprocessing = 0;
		};
		3E04EC62194728E0000A0079 /* Frameworks */ = {
			isa = PBXFrameworksBuildPhase;
			buildActionMask = 2147483647;
			files = (
				3E04EC67194728E0000A0079 /* XCTest.framework in Frameworks */,
				3E04EC69194728E0000A0079 /* UIKit.framework in Frameworks */,
				3E04EC68194728E0000A0079 /* Foundation.framework in Frameworks */,
			);
			runOnlyForDeploymentPostprocessing = 0;
		};
/* End PBXFrameworksBuildPhase section */

/* Begin PBXGroup section */
		3E04EC38194728E0000A0079 = {
			isa = PBXGroup;
			children = (
				3E04EC4A194728E0000A0079 /* mapfresalud */,
				3E04EC6C194728E0000A0079 /* mapfresaludTests */,
				3E04EC43194728E0000A0079 /* Frameworks */,
				3E04EC42194728E0000A0079 /* Products */,
			);
			sourceTree = "<group>";
		};
		3E04EC42194728E0000A0079 /* Products */ = {
			isa = PBXGroup;
			children = (
				3E04EC41194728E0000A0079 /* mapfresalud.app */,
				3E04EC65194728E0000A0079 /* mapfresaludTests.xctest */,
			);
			name = Products;
			sourceTree = "<group>";
		};
		3E04EC43194728E0000A0079 /* Frameworks */ = {
			isa = PBXGroup;
			children = (
				3EA318741947967900FF5814 /* AudioToolbox.framework */,
				3E04EC7E194729B8000A0079 /* CoreLocation.framework */,
				3E04EC7C194729B3000A0079 /* CoreBluetooth.framework */,
				3E04EC44194728E0000A0079 /* Foundation.framework */,
				3E04EC46194728E0000A0079 /* CoreGraphics.framework */,
				3E04EC48194728E0000A0079 /* UIKit.framework */,
				3E04EC66194728E0000A0079 /* XCTest.framework */,
			);
			name = Frameworks;
			sourceTree = "<group>";
		};
		3E04EC4A194728E0000A0079 /* mapfresalud */ = {
			isa = PBXGroup;
			children = (
				3E04EC80194729DF000A0079 /* Constants.h */,
				3E04EC53194728E0000A0079 /* OKAppDelegate.h */,
				3E04EC54194728E0000A0079 /* OKAppDelegate.m */,
				3E04EC56194728E0000A0079 /* Main.storyboard */,
				3E04EC59194728E0000A0079 /* OKPatientViewController.h */,
				3E04EC5A194728E0000A0079 /* OKPatientViewController.m */,
				3E04EC5C194728E0000A0079 /* OKDoctorViewController.h */,
				3E04EC5D194728E0000A0079 /* OKDoctorViewController.m */,
				3E04EC5F194728E0000A0079 /* Images.xcassets */,
				3E04EC4B194728E0000A0079 /* Supporting Files */,
				3EA3186F1947504E00FF5814 /* Resources */,
			);
			path = mapfresalud;
			sourceTree = "<group>";
		};
		3E04EC4B194728E0000A0079 /* Supporting Files */ = {
			isa = PBXGroup;
			children = (
				3E04EC4C194728E0000A0079 /* mapfresalud-Info.plist */,
				3E04EC4D194728E0000A0079 /* InfoPlist.strings */,
				3E04EC50194728E0000A0079 /* main.m */,
				3E04EC52194728E0000A0079 /* mapfresalud-Prefix.pch */,
			);
			name = "Supporting Files";
			sourceTree = "<group>";
		};
		3E04EC6C194728E0000A0079 /* mapfresaludTests */ = {
			isa = PBXGroup;
			children = (
				3E04EC72194728E0000A0079 /* mapfresaludTests.m */,
				3E04EC6D194728E0000A0079 /* Supporting Files */,
			);
			path = mapfresaludTests;
			sourceTree = "<group>";
		};
		3E04EC6D194728E0000A0079 /* Supporting Files */ = {
			isa = PBXGroup;
			children = (
				3E04EC6E194728E0000A0079 /* mapfresaludTests-Info.plist */,
				3E04EC6F194728E0000A0079 /* InfoPlist.strings */,
			);
			name = "Supporting Files";
			sourceTree = "<group>";
		};
		3EA3186F1947504E00FF5814 /* Resources */ = {
			isa = PBXGroup;
			children = (
				3EA318781947A91C00FF5814 /* logo-mapfre.png */,
				3EA318701947505C00FF5814 /* banner-salud.jpg */,
			);
			name = Resources;
			sourceTree = "<group>";
		};
/* End PBXGroup section */

/* Begin PBXNativeTarget section */
		3E04EC40194728E0000A0079 /* mapfresalud */ = {
			isa = PBXNativeTarget;
			buildConfigurationList = 3E04EC76194728E0000A0079 /* Build configuration list for PBXNativeTarget "mapfresalud" */;
			buildPhases = (
				3E04EC3D194728E0000A0079 /* Sources */,
				3E04EC3E194728E0000A0079 /* Frameworks */,
				3E04EC3F194728E0000A0079 /* Resources */,
			);
			buildRules = (
			);
			dependencies = (
			);
			name = mapfresalud;
			productName = mapfresalud;
			productReference = 3E04EC41194728E0000A0079 /* mapfresalud.app */;
			productType = "com.apple.product-type.application";
		};
		3E04EC64194728E0000A0079 /* mapfresaludTests */ = {
			isa = PBXNativeTarget;
			buildConfigurationList = 3E04EC79194728E0000A0079 /* Build configuration list for PBXNativeTarget "mapfresaludTests" */;
			buildPhases = (
				3E04EC61194728E0000A0079 /* Sources */,
				3E04EC62194728E0000A0079 /* Frameworks */,
				3E04EC63194728E0000A0079 /* Resources */,
			);
			buildRules = (
			);
			dependencies = (
				3E04EC6B194728E0000A0079 /* PBXTargetDependency */,
			);
			name = mapfresaludTests;
			productName = mapfresaludTests;
			productReference = 3E04EC65194728E0000A0079 /* mapfresaludTests.xctest */;
			productType = "com.apple.product-type.bundle.unit-test";
		};
/* End PBXNativeTarget section */

/* Begin PBXProject section */
		3E04EC39194728E0000A0079 /* Project object */ = {
			isa = PBXProject;
			attributes = {
				CLASSPREFIX = OK;
				LastUpgradeCheck = 0510;
				ORGANIZATIONNAME = Okode;
				TargetAttributes = {
					3E04EC40194728E0000A0079 = {
						SystemCapabilities = {
							com.apple.BackgroundModes = {
								enabled = 1;
							};
						};
					};
					3E04EC64194728E0000A0079 = {
						TestTargetID = 3E04EC40194728E0000A0079;
					};
				};
			};
			buildConfigurationList = 3E04EC3C194728E0000A0079 /* Build configuration list for PBXProject "mapfresalud" */;
			compatibilityVersion = "Xcode 3.2";
			developmentRegion = English;
			hasScannedForEncodings = 0;
			knownRegions = (
				en,
				Base,
			);
			mainGroup = 3E04EC38194728E0000A0079;
			productRefGroup = 3E04EC42194728E0000A0079 /* Products */;
			projectDirPath = "";
			projectRoot = "";
			targets = (
				3E04EC40194728E0000A0079 /* mapfresalud */,
				3E04EC64194728E0000A0079 /* mapfresaludTests */,
			);
		};
/* End PBXProject section */

/* Begin PBXResourcesBuildPhase section */
		3E04EC3F194728E0000A0079 /* Resources */ = {
			isa = PBXResourcesBuildPhase;
			buildActionMask = 2147483647;
			files = (
				3E04EC60194728E0000A0079 /* Images.xcassets in Resources */,
				3EA318791947A91C00FF5814 /* logo-mapfre.png in Resources */,
				3E04EC4F194728E0000A0079 /* InfoPlist.strings in Resources */,
				3E04EC58194728E0000A0079 /* Main.storyboard in Resources */,
				3EA318711947505C00FF5814 /* banner-salud.jpg in Resources */,
			);
			runOnlyForDeploymentPostprocessing = 0;
		};
		3E04EC63194728E0000A0079 /* Resources */ = {
			isa = PBXResourcesBuildPhase;
			buildActionMask = 2147483647;
			files = (
				3E04EC71194728E0000A0079 /* InfoPlist.strings in Resources */,
			);
			runOnlyForDeploymentPostprocessing = 0;
		};
/* End PBXResourcesBuildPhase section */

/* Begin PBXSourcesBuildPhase section */
		3E04EC3D194728E0000A0079 /* Sources */ = {
			isa = PBXSourcesBuildPhase;
			buildActionMask = 2147483647;
			files = (
				3E04EC5E194728E0000A0079 /* OKDoctorViewController.m in Sources */,
				3E04EC5B194728E0000A0079 /* OKPatientViewController.m in Sources */,
				3E04EC55194728E0000A0079 /* OKAppDelegate.m in Sources */,
				3E04EC51194728E0000A0079 /* main.m in Sources */,
			);
			runOnlyForDeploymentPostprocessing = 0;
		};
		3E04EC61194728E0000A0079 /* Sources */ = {
			isa = PBXSourcesBuildPhase;
			buildActionMask = 2147483647;
			files = (
				3E04EC73194728E0000A0079 /* mapfresaludTests.m in Sources */,
			);
			runOnlyForDeploymentPostprocessing = 0;
		};
/* End PBXSourcesBuildPhase section */

/* Begin PBXTargetDependency section */
		3E04EC6B194728E0000A0079 /* PBXTargetDependency */ = {
			isa = PBXTargetDependency;
			target = 3E04EC40194728E0000A0079 /* mapfresalud */;
			targetProxy = 3E04EC6A194728E0000A0079 /* PBXContainerItemProxy */;
		};
/* End PBXTargetDependency section */

/* Begin PBXVariantGroup section */
		3E04EC4D194728E0000A0079 /* InfoPlist.strings */ = {
			isa = PBXVariantGroup;
			children = (
				3E04EC4E194728E0000A0079 /* en */,
			);
			name = InfoPlist.strings;
			sourceTree = "<group>";
		};
		3E04EC56194728E0000A0079 /* Main.storyboard */ = {
			isa = PBXVariantGroup;
			children = (
				3E04EC57194728E0000A0079 /* Base */,
			);
			name = Main.storyboard;
			sourceTree = "<group>";
		};
		3E04EC6F194728E0000A0079 /* InfoPlist.strings */ = {
			isa = PBXVariantGroup;
			children = (
				3E04EC70194728E0000A0079 /* en */,
			);
			name = InfoPlist.strings;
			sourceTree = "<group>";
		};
/* End PBXVariantGroup section */

/* Begin XCBuildConfiguration section */
		3E04EC74194728E0000A0079 /* Debug */ = {
			isa = XCBuildConfiguration;
			buildSettings = {
				ALWAYS_SEARCH_USER_PATHS = NO;
				CLANG_CXX_LANGUAGE_STANDARD = "gnu++0x";
				CLANG_CXX_LIBRARY = "libc++";
				CLANG_ENABLE_MODULES = YES;
				CLANG_ENABLE_OBJC_ARC = YES;
				CLANG_WARN_BOOL_CONVERSION = YES;
				CLANG_WARN_CONSTANT_CONVERSION = YES;
				CLANG_WARN_DIRECT_OBJC_ISA_USAGE = YES_ERROR;
				CLANG_WARN_EMPTY_BODY = YES;
				CLANG_WARN_ENUM_CONVERSION = YES;
				CLANG_WARN_INT_CONVERSION = YES;
				CLANG_WARN_OBJC_ROOT_CLASS = YES_ERROR;
				CLANG_WARN__DUPLICATE_METHOD_MATCH = YES;
				"CODE_SIGN_IDENTITY[sdk=iphoneos*]" = "iPhone Developer";
				COPY_PHASE_STRIP = NO;
				GCC_C_LANGUAGE_STANDARD = gnu99;
				GCC_DYNAMIC_NO_PIC = NO;
				GCC_OPTIMIZATION_LEVEL = 0;
				GCC_PREPROCESSOR_DEFINITIONS = (
					"DEBUG=1",
					"$(inherited)",
				);
				GCC_SYMBOLS_PRIVATE_EXTERN = NO;
				GCC_WARN_64_TO_32_BIT_CONVERSION = YES;
				GCC_WARN_ABOUT_RETURN_TYPE = YES_ERROR;
				GCC_WARN_UNDECLARED_SELECTOR = YES;
				GCC_WARN_UNINITIALIZED_AUTOS = YES_AGGRESSIVE;
				GCC_WARN_UNUSED_FUNCTION = YES;
				GCC_WARN_UNUSED_VARIABLE = YES;
				IPHONEOS_DEPLOYMENT_TARGET = 7.1;
				ONLY_ACTIVE_ARCH = YES;
				SDKROOT = iphoneos;
			};
			name = Debug;
		};
		3E04EC75194728E0000A0079 /* Release */ = {
			isa = XCBuildConfiguration;
			buildSettings = {
				ALWAYS_SEARCH_USER_PATHS = NO;
				CLANG_CXX_LANGUAGE_STANDARD = "gnu++0x";
				CLANG_CXX_LIBRARY = "libc++";
				CLANG_ENABLE_MODULES = YES;
				CLANG_ENABLE_OBJC_ARC = YES;
				CLANG_WARN_BOOL_CONVERSION = YES;
				CLANG_WARN_CONSTANT_CONVERSION = YES;
				CLANG_WARN_DIRECT_OBJC_ISA_USAGE = YES_ERROR;
				CLANG_WARN_EMPTY_BODY = YES;
				CLANG_WARN_ENUM_CONVERSION = YES;
				CLANG_WARN_INT_CONVERSION = YES;
				CLANG_WARN_OBJC_ROOT_CLASS = YES_ERROR;
				CLANG_WARN__DUPLICATE_METHOD_MATCH = YES;
				"CODE_SIGN_IDENTITY[sdk=iphoneos*]" = "iPhone Developer";
				COPY_PHASE_STRIP = YES;
				ENABLE_NS_ASSERTIONS = NO;
				GCC_C_LANGUAGE_STANDARD = gnu99;
				GCC_WARN_64_TO_32_BIT_CONVERSION = YES;
				GCC_WARN_ABOUT_RETURN_TYPE = YES_ERROR;
				GCC_WARN_UNDECLARED_SELECTOR = YES;
				GCC_WARN_UNINITIALIZED_AUTOS = YES_AGGRESSIVE;
				GCC_WARN_UNUSED_FUNCTION = YES;
				GCC_WARN_UNUSED_VARIABLE = YES;
				IPHONEOS_DEPLOYMENT_TARGET = 7.1;
				SDKROOT = iphoneos;
				VALIDATE_PRODUCT = YES;
			};
			name = Release;
		};
		3E04EC77194728E0000A0079 /* Debug */ = {
			isa = XCBuildConfiguration;
			buildSettings = {
				ASSETCATALOG_COMPILER_APPICON_NAME = AppIcon;
				ASSETCATALOG_COMPILER_LAUNCHIMAGE_NAME = LaunchImage;
				GCC_PRECOMPILE_PREFIX_HEADER = YES;
				GCC_PREFIX_HEADER = "mapfresalud/mapfresalud-Prefix.pch";
				INFOPLIST_FILE = "mapfresalud/mapfresalud-Info.plist";
				PRODUCT_NAME = "$(TARGET_NAME)";
				WRAPPER_EXTENSION = app;
			};
			name = Debug;
		};
		3E04EC78194728E0000A0079 /* Release */ = {
			isa = XCBuildConfiguration;
			buildSettings = {
				ASSETCATALOG_COMPILER_APPICON_NAME = AppIcon;
				ASSETCATALOG_COMPILER_LAUNCHIMAGE_NAME = LaunchImage;
				GCC_PRECOMPILE_PREFIX_HEADER = YES;
				GCC_PREFIX_HEADER = "mapfresalud/mapfresalud-Prefix.pch";
				INFOPLIST_FILE = "mapfresalud/mapfresalud-Info.plist";
				PRODUCT_NAME = "$(TARGET_NAME)";
				WRAPPER_EXTENSION = app;
			};
			name = Release;
		};
		3E04EC7A194728E0000A0079 /* Debug */ = {
			isa = XCBuildConfiguration;
			buildSettings = {
				BUNDLE_LOADER = "$(BUILT_PRODUCTS_DIR)/mapfresalud.app/mapfresalud";
				FRAMEWORK_SEARCH_PATHS = (
					"$(SDKROOT)/Developer/Library/Frameworks",
					"$(inherited)",
					"$(DEVELOPER_FRAMEWORKS_DIR)",
				);
				GCC_PRECOMPILE_PREFIX_HEADER = YES;
				GCC_PREFIX_HEADER = "mapfresalud/mapfresalud-Prefix.pch";
				GCC_PREPROCESSOR_DEFINITIONS = (
					"DEBUG=1",
					"$(inherited)",
				);
				INFOPLIST_FILE = "mapfresaludTests/mapfresaludTests-Info.plist";
				PRODUCT_NAME = "$(TARGET_NAME)";
				TEST_HOST = "$(BUNDLE_LOADER)";
				WRAPPER_EXTENSION = xctest;
			};
			name = Debug;
		};
		3E04EC7B194728E0000A0079 /* Release */ = {
			isa = XCBuildConfiguration;
			buildSettings = {
				BUNDLE_LOADER = "$(BUILT_PRODUCTS_DIR)/mapfresalud.app/mapfresalud";
				FRAMEWORK_SEARCH_PATHS = (
					"$(SDKROOT)/Developer/Library/Frameworks",
					"$(inherited)",
					"$(DEVELOPER_FRAMEWORKS_DIR)",
				);
				GCC_PRECOMPILE_PREFIX_HEADER = YES;
				GCC_PREFIX_HEADER = "mapfresalud/mapfresalud-Prefix.pch";
				INFOPLIST_FILE = "mapfresaludTests/mapfresaludTests-Info.plist";
				PRODUCT_NAME = "$(TARGET_NAME)";
				TEST_HOST = "$(BUNDLE_LOADER)";
				WRAPPER_EXTENSION = xctest;
			};
			name = Release;
		};
/* End XCBuildConfiguration section */

/* Begin XCConfigurationList section */
		3E04EC3C194728E0000A0079 /* Build configuration list for PBXProject "mapfresalud" */ = {
			isa = XCConfigurationList;
			buildConfigurations = (
				3E04EC74194728E0000A0079 /* Debug */,
				3E04EC75194728E0000A0079 /* Release */,
			);
			defaultConfigurationIsVisible = 0;
			defaultConfigurationName = Release;
		};
		3E04EC76194728E0000A0079 /* Build configuration list for PBXNativeTarget "mapfresalud" */ = {
			isa = XCConfigurationList;
			buildConfigurations = (
				3E04EC77194728E0000A0079 /* Debug */,
				3E04EC78194728E0000A0079 /* Release */,
			);
			defaultConfigurationIsVisible = 0;
			defaultConfigurationName = Release;
		};
		3E04EC79194728E0000A0079 /* Build configuration list for PBXNativeTarget "mapfresaludTests" */ = {
			isa = XCConfigurationList;
			buildConfigurations = (
				3E04EC7A194728E0000A0079 /* Debug */,
				3E04EC7B194728E0000A0079 /* Release */,
			);
			defaultConfigurationIsVisible = 0;
			defaultConfigurationName = Release;
		};
/* End XCConfigurationList section */
	};
	rootObject = 3E04EC39194728E0000A0079 /* Project object */;
}
